
Microsoft Visual Studio Solution File, Format Version 12.00
# Visual Studio Version 16
VisualStudioVersion = 16.0.31624.102
MinimumVisualStudioVersion = 10.0.40219.1
Project("{FAE04EC0-301F-11D3-BF4B-00C04F79EFBC}") = "employeeapp", "employeeapp\employeeapp.csproj", "{C7473753-A041-42A8-8661-3A3D952729CC}"
EndProject
Global
	GlobalSection(SolutionConfigurationPlatforms) = preSolution
		Debug|Any CPU = Debug|Any CPU
		Release|Any CPU = Release|Any CPU
	EndGlobalSection
	GlobalSection(ProjectConfigurationPlatforms) = postSolution
		{C7473753-A041-42A8-8661-3A3D952729CC}.Debug|Any CPU.ActiveCfg = Debug|Any CPU
		{C7473753-A041-42A8-8661-3A3D952729CC}.Debug|Any CPU.Build.0 = Debug|Any CPU
		{C7473753-A041-42A8-8661-3A3D952729CC}.Release|Any CPU.ActiveCfg = Release|Any CPU
		{C7473753-A041-42A8-8661-3A3D952729CC}.Release|Any CPU.Build.0 = Release|Any CPU
	EndGlobalSection
	GlobalSection(SolutionProperties) = preSolution
		HideSolutionNode = FALSE
	EndGlobalSection
	GlobalSection(ExtensibilityGlobals) = postSolution
		SolutionGuid = {E6306937-4E80-4BCA-A781-EB64E84C2C6A}
	EndGlobalSection
EndGlobal
